
Microsoft Visual Studio Solution File, Format Version 12.00
# Visual Studio Version 17
VisualStudioVersion = 17.5.2.0
MinimumVisualStudioVersion = 10.0.40219.1
Project("{FAE04EC0-301F-11D3-BF4B-00C04F79EFBC}") = "FileInspectorX", "FileInspectorX\FileInspectorX.csproj", "{EAAE1EA6-E72B-6CC0-ED7F-A2A978CBB11F}"
EndProject
Project("{FAE04EC0-301F-11D3-BF4B-00C04F79EFBC}") = "FileInspectorX.Tests", "FileInspectorX.Tests\FileInspectorX.Tests.csproj", "{15CE1476-6D1B-C95C-CBD3-C20A1172D077}"
EndProject
Project("{FAE04EC0-301F-11D3-BF4B-00C04F79EFBC}") = "FileInspectorX.PowerShell", "FileInspectorX.PowerShell\FileInspectorX.PowerShell.csproj", "{C18E7F7F-4E8C-4902-9404-82FCD1CCB6B2}"
EndProject
Project("{FAE04EC0-301F-11D3-BF4B-00C04F79EFBC}") = "FileInspectorX.Examples", "FileInspectorX.Examples\FileInspectorX.Examples.csproj", "{B2E2A8D7-2E9E-4B8F-9EE6-4E6D8CEEDC2A}"
EndProject
Global
	GlobalSection(SolutionConfigurationPlatforms) = preSolution
		Debug|Any CPU = Debug|Any CPU
		Debug|x64 = Debug|x64
		Debug|x86 = Debug|x86
		Release|Any CPU = Release|Any CPU
		Release|x64 = Release|x64
		Release|x86 = Release|x86
	EndGlobalSection
	GlobalSection(ProjectConfigurationPlatforms) = postSolution
		{EAAE1EA6-E72B-6CC0-ED7F-A2A978CBB11F}.Debug|Any CPU.ActiveCfg = Debug|Any CPU
		{EAAE1EA6-E72B-6CC0-ED7F-A2A978CBB11F}.Debug|Any CPU.Build.0 = Debug|Any CPU
		{EAAE1EA6-E72B-6CC0-ED7F-A2A978CBB11F}.Debug|x64.ActiveCfg = Debug|Any CPU
		{EAAE1EA6-E72B-6CC0-ED7F-A2A978CBB11F}.Debug|x64.Build.0 = Debug|Any CPU
		{EAAE1EA6-E72B-6CC0-ED7F-A2A978CBB11F}.Debug|x86.ActiveCfg = Debug|Any CPU
		{EAAE1EA6-E72B-6CC0-ED7F-A2A978CBB11F}.Debug|x86.Build.0 = Debug|Any CPU
		{EAAE1EA6-E72B-6CC0-ED7F-A2A978CBB11F}.Release|Any CPU.ActiveCfg = Release|Any CPU
		{EAAE1EA6-E72B-6CC0-ED7F-A2A978CBB11F}.Release|Any CPU.Build.0 = Release|Any CPU
		{EAAE1EA6-E72B-6CC0-ED7F-A2A978CBB11F}.Release|x64.ActiveCfg = Release|Any CPU
		{EAAE1EA6-E72B-6CC0-ED7F-A2A978CBB11F}.Release|x64.Build.0 = Release|Any CPU
		{EAAE1EA6-E72B-6CC0-ED7F-A2A978CBB11F}.Release|x86.ActiveCfg = Release|Any CPU
		{EAAE1EA6-E72B-6CC0-ED7F-A2A978CBB11F}.Release|x86.Build.0 = Release|Any CPU
		{15CE1476-6D1B-C95C-CBD3-C20A1172D077}.Debug|Any CPU.ActiveCfg = Debug|Any CPU
		{15CE1476-6D1B-C95C-CBD3-C20A1172D077}.Debug|Any CPU.Build.0 = Debug|Any CPU
		{15CE1476-6D1B-C95C-CBD3-C20A1172D077}.Debug|x64.ActiveCfg = Debug|Any CPU
		{15CE1476-6D1B-C95C-CBD3-C20A1172D077}.Debug|x64.Build.0 = Debug|Any CPU
		{15CE1476-6D1B-C95C-CBD3-C20A1172D077}.Debug|x86.ActiveCfg = Debug|Any CPU
		{15CE1476-6D1B-C95C-CBD3-C20A1172D077}.Debug|x86.Build.0 = Debug|Any CPU
		{15CE1476-6D1B-C95C-CBD3-C20A1172D077}.Release|Any CPU.ActiveCfg = Release|Any CPU
		{15CE1476-6D1B-C95C-CBD3-C20A1172D077}.Release|Any CPU.Build.0 = Release|Any CPU
		{15CE1476-6D1B-C95C-CBD3-C20A1172D077}.Release|x64.ActiveCfg = Release|Any CPU
		{15CE1476-6D1B-C95C-CBD3-C20A1172D077}.Release|x64.Build.0 = Release|Any CPU
		{15CE1476-6D1B-C95C-CBD3-C20A1172D077}.Release|x86.ActiveCfg = Release|Any CPU
		{15CE1476-6D1B-C95C-CBD3-C20A1172D077}.Release|x86.Build.0 = Release|Any CPU
		{C18E7F7F-4E8C-4902-9404-82FCD1CCB6B2}.Debug|Any CPU.ActiveCfg = Debug|Any CPU
		{C18E7F7F-4E8C-4902-9404-82FCD1CCB6B2}.Debug|Any CPU.Build.0 = Debug|Any CPU
		{C18E7F7F-4E8C-4902-9404-82FCD1CCB6B2}.Debug|x64.ActiveCfg = Debug|Any CPU
		{C18E7F7F-4E8C-4902-9404-82FCD1CCB6B2}.Debug|x64.Build.0 = Debug|Any CPU
		{C18E7F7F-4E8C-4902-9404-82FCD1CCB6B2}.Debug|x86.ActiveCfg = Debug|Any CPU
		{C18E7F7F-4E8C-4902-9404-82FCD1CCB6B2}.Debug|x86.Build.0 = Debug|Any CPU
		{C18E7F7F-4E8C-4902-9404-82FCD1CCB6B2}.Release|Any CPU.ActiveCfg = Release|Any CPU
		{C18E7F7F-4E8C-4902-9404-82FCD1CCB6B2}.Release|Any CPU.Build.0 = Release|Any CPU
		{C18E7F7F-4E8C-4902-9404-82FCD1CCB6B2}.Release|x64.ActiveCfg = Release|Any CPU
		{C18E7F7F-4E8C-4902-9404-82FCD1CCB6B2}.Release|x64.Build.0 = Release|Any CPU
		{C18E7F7F-4E8C-4902-9404-82FCD1CCB6B2}.Release|x86.ActiveCfg = Release|Any CPU
		{C18E7F7F-4E8C-4902-9404-82FCD1CCB6B2}.Release|x86.Build.0 = Release|Any CPU
		{B2E2A8D7-2E9E-4B8F-9EE6-4E6D8CEEDC2A}.Debug|Any CPU.ActiveCfg = Debug|Any CPU
		{B2E2A8D7-2E9E-4B8F-9EE6-4E6D8CEEDC2A}.Debug|Any CPU.Build.0 = Debug|Any CPU
		{B2E2A8D7-2E9E-4B8F-9EE6-4E6D8CEEDC2A}.Debug|x64.ActiveCfg = Debug|Any CPU
		{B2E2A8D7-2E9E-4B8F-9EE6-4E6D8CEEDC2A}.Debug|x64.Build.0 = Debug|Any CPU
		{B2E2A8D7-2E9E-4B8F-9EE6-4E6D8CEEDC2A}.Debug|x86.ActiveCfg = Debug|Any CPU
		{B2E2A8D7-2E9E-4B8F-9EE6-4E6D8CEEDC2A}.Debug|x86.Build.0 = Debug|Any CPU
		{B2E2A8D7-2E9E-4B8F-9EE6-4E6D8CEEDC2A}.Release|Any CPU.ActiveCfg = Release|Any CPU
		{B2E2A8D7-2E9E-4B8F-9EE6-4E6D8CEEDC2A}.Release|Any CPU.Build.0 = Release|Any CPU
		{B2E2A8D7-2E9E-4B8F-9EE6-4E6D8CEEDC2A}.Release|x64.ActiveCfg = Release|Any CPU
		{B2E2A8D7-2E9E-4B8F-9EE6-4E6D8CEEDC2A}.Release|x64.Build.0 = Release|Any CPU
		{B2E2A8D7-2E9E-4B8F-9EE6-4E6D8CEEDC2A}.Release|x86.ActiveCfg = Release|Any CPU
		{B2E2A8D7-2E9E-4B8F-9EE6-4E6D8CEEDC2A}.Release|x86.Build.0 = Release|Any CPU
	EndGlobalSection
	GlobalSection(SolutionProperties) = preSolution
		HideSolutionNode = FALSE
	EndGlobalSection
	GlobalSection(ExtensibilityGlobals) = postSolution
		SolutionGuid = {1E9F0F54-F60C-4F79-9C3F-607AED0307F2}
	EndGlobalSection
EndGlobal
